// !$*UTF8*$!
{
	archiveVersion = 1;
	classes = {
	};
	objectVersion = 46;
	objects = {

/* Begin PBXBuildFile section */
		010D37FF1EDBDC1C001E206E /* AppDelegate.swift in Sources */ = {isa = PBXBuildFile; fileRef = 010D37FE1EDBDC1C001E206E /* AppDelegate.swift */; };
		010D38011EDBDC1C001E206E /* ViewController.swift in Sources */ = {isa = PBXBuildFile; fileRef = 010D38001EDBDC1C001E206E /* ViewController.swift */; };
		010D38041EDBDC1C001E206E /* Main.storyboard in Resources */ = {isa = PBXBuildFile; fileRef = 010D38021EDBDC1C001E206E /* Main.storyboard */; };
		010D38061EDBDC1C001E206E /* Assets.xcassets in Resources */ = {isa = PBXBuildFile; fileRef = 010D38051EDBDC1C001E206E /* Assets.xcassets */; };
		010D38091EDBDC1C001E206E /* LaunchScreen.storyboard in Resources */ = {isa = PBXBuildFile; fileRef = 010D38071EDBDC1C001E206E /* LaunchScreen.storyboard */; };
		010D38141EDBDC1C001E206E /* TDD_to_GoTests.swift in Sources */ = {isa = PBXBuildFile; fileRef = 010D38131EDBDC1C001E206E /* TDD_to_GoTests.swift */; };
/* End PBXBuildFile section */

/* Begin PBXContainerItemProxy section */
		010D38101EDBDC1C001E206E /* PBXContainerItemProxy */ = {
			isa = PBXContainerItemProxy;
			containerPortal = 010D37F31EDBDC1C001E206E /* Project object */;
			proxyType = 1;
			remoteGlobalIDString = 010D37FA1EDBDC1C001E206E;
			remoteInfo = "TDD to Go";
		};
/* End PBXContainerItemProxy section */

/* Begin PBXFileReference section */
		010D37FB1EDBDC1C001E206E /* TDD to Go.app */ = {isa = PBXFileReference; explicitFileType = wrapper.application; includeInIndex = 0; path = "TDD to Go.app"; sourceTree = BUILT_PRODUCTS_DIR; };
		010D37FE1EDBDC1C001E206E /* AppDelegate.swift */ = {isa = PBXFileReference; lastKnownFileType = sourcecode.swift; path = AppDelegate.swift; sourceTree = "<group>"; };
		010D38001EDBDC1C001E206E /* ViewController.swift */ = {isa = PBXFileReference; lastKnownFileType = sourcecode.swift; path = ViewController.swift; sourceTree = "<group>"; };
		010D38031EDBDC1C001E206E /* Base */ = {isa = PBXFileReference; lastKnownFileType = file.storyboard; name = Base; path = Base.lproj/Main.storyboard; sourceTree = "<group>"; };
		010D38051EDBDC1C001E206E /* Assets.xcassets */ = {isa = PBXFileReference; lastKnownFileType = folder.assetcatalog; path = Assets.xcassets; sourceTree = "<group>"; };
		010D38081EDBDC1C001E206E /* Base */ = {isa = PBXFileReference; lastKnownFileType = file.storyboard; name = Base; path = Base.lproj/LaunchScreen.storyboard; sourceTree = "<group>"; };
		010D380A1EDBDC1C001E206E /* Info.plist */ = {isa = PBXFileReference; lastKnownFileType = text.plist.xml; path = Info.plist; sourceTree = "<group>"; };
		010D380F1EDBDC1C001E206E /* TDD to GoTests.xctest */ = {isa = PBXFileReference; explicitFileType = wrapper.cfbundle; includeInIndex = 0; path = "TDD to GoTests.xctest"; sourceTree = BUILT_PRODUCTS_DIR; };
		010D38131EDBDC1C001E206E /* TDD_to_GoTests.swift */ = {isa = PBXFileReference; lastKnownFileType = sourcecode.swift; path = TDD_to_GoTests.swift; sourceTree = "<group>"; };
		010D38151EDBDC1C001E206E /* Info.plist */ = {isa = PBXFileReference; lastKnownFileType = text.plist.xml; path = Info.plist; sourceTree = "<group>"; };
/* End PBXFileReference section */

/* Begin PBXFrameworksBuildPhase section */
		010D37F81EDBDC1C001E206E /* Frameworks */ = {
			isa = PBXFrameworksBuildPhase;
			buildActionMask = 2147483647;
			files = (
			);
			runOnlyForDeploymentPostprocessing = 0;
		};
		010D380C1EDBDC1C001E206E /* Frameworks */ = {
			isa = PBXFrameworksBuildPhase;
			buildActionMask = 2147483647;
			files = (
			);
			runOnlyForDeploymentPostprocessing = 0;
		};
/* End PBXFrameworksBuildPhase section */

/* Begin PBXGroup section */
		010D37F21EDBDC1C001E206E = {
			isa = PBXGroup;
			children = (
				010D37FD1EDBDC1C001E206E /* TDD to Go */,
				010D38121EDBDC1C001E206E /* TDD to GoTests */,
				010D37FC1EDBDC1C001E206E /* Products */,
			);
			sourceTree = "<group>";
		};
		010D37FC1EDBDC1C001E206E /* Products */ = {
			isa = PBXGroup;
			children = (
				010D37FB1EDBDC1C001E206E /* TDD to Go.app */,
				010D380F1EDBDC1C001E206E /* TDD to GoTests.xctest */,
			);
			name = Products;
			sourceTree = "<group>";
		};
		010D37FD1EDBDC1C001E206E /* TDD to Go */ = {
			isa = PBXGroup;
			children = (
				010D37FE1EDBDC1C001E206E /* AppDelegate.swift */,
				010D38001EDBDC1C001E206E /* ViewController.swift */,
				010D38021EDBDC1C001E206E /* Main.storyboard */,
				010D38051EDBDC1C001E206E /* Assets.xcassets */,
				010D38071EDBDC1C001E206E /* LaunchScreen.storyboard */,
				010D380A1EDBDC1C001E206E /* Info.plist */,
			);
			path = "TDD to Go";
			sourceTree = "<group>";
		};
		010D38121EDBDC1C001E206E /* TDD to GoTests */ = {
			isa = PBXGroup;
			children = (
				010D38131EDBDC1C001E206E /* TDD_to_GoTests.swift */,
				010D38151EDBDC1C001E206E /* Info.plist */,
			);
			path = "TDD to GoTests";
			sourceTree = "<group>";
		};
/* End PBXGroup section */

/* Begin PBXNativeTarget section */
		010D37FA1EDBDC1C001E206E /* TDD to Go */ = {
			isa = PBXNativeTarget;
			buildConfigurationList = 010D38181EDBDC1C001E206E /* Build configuration list for PBXNativeTarget "TDD to Go" */;
			buildPhases = (
				010D37F71EDBDC1C001E206E /* Sources */,
				010D37F81EDBDC1C001E206E /* Frameworks */,
				010D37F91EDBDC1C001E206E /* Resources */,
			);
			buildRules = (
			);
			dependencies = (
			);
			name = "TDD to Go";
			productName = "TDD to Go";
			productReference = 010D37FB1EDBDC1C001E206E /* TDD to Go.app */;
			productType = "com.apple.product-type.application";
		};
		010D380E1EDBDC1C001E206E /* TDD to GoTests */ = {
			isa = PBXNativeTarget;
			buildConfigurationList = 010D381B1EDBDC1C001E206E /* Build configuration list for PBXNativeTarget "TDD to GoTests" */;
			buildPhases = (
				010D380B1EDBDC1C001E206E /* Sources */,
				010D380C1EDBDC1C001E206E /* Frameworks */,
				010D380D1EDBDC1C001E206E /* Resources */,
			);
			buildRules = (
			);
			dependencies = (
				010D38111EDBDC1C001E206E /* PBXTargetDependency */,
			);
			name = "TDD to GoTests";
			productName = "TDD to GoTests";
			productReference = 010D380F1EDBDC1C001E206E /* TDD to GoTests.xctest */;
			productType = "com.apple.product-type.bundle.unit-test";
		};
/* End PBXNativeTarget section */

/* Begin PBXProject section */
		010D37F31EDBDC1C001E206E /* Project object */ = {
			isa = PBXProject;
			attributes = {
				LastSwiftUpdateCheck = 0830;
				LastUpgradeCheck = 0830;
				ORGANIZATIONNAME = "Luay Younus";
				TargetAttributes = {
					010D37FA1EDBDC1C001E206E = {
						CreatedOnToolsVersion = 8.3.2;
						DevelopmentTeam = 6572E988F5;
						ProvisioningStyle = Automatic;
					};
					010D380E1EDBDC1C001E206E = {
						CreatedOnToolsVersion = 8.3.2;
						DevelopmentTeam = 6572E988F5;
						ProvisioningStyle = Automatic;
						TestTargetID = 010D37FA1EDBDC1C001E206E;
					};
				};
			};
			buildConfigurationList = 010D37F61EDBDC1C001E206E /* Build configuration list for PBXProject "TDD to Go" */;
			compatibilityVersion = "Xcode 3.2";
			developmentRegion = English;
			hasScannedForEncodings = 0;
			knownRegions = (
				en,
				Base,
			);
			mainGroup = 010D37F21EDBDC1C001E206E;
			productRefGroup = 010D37FC1EDBDC1C001E206E /* Products */;
			projectDirPath = "";
			projectRoot = "";
			targets = (
				010D37FA1EDBDC1C001E206E /* TDD to Go */,
				010D380E1EDBDC1C001E206E /* TDD to GoTests */,
			);
		};
/* End PBXProject section */

/* Begin PBXResourcesBuildPhase section */
		010D37F91EDBDC1C001E206E /* Resources */ = {
			isa = PBXResourcesBuildPhase;
			buildActionMask = 2147483647;
			files = (
				010D38091EDBDC1C001E206E /* LaunchScreen.storyboard in Resources */,
				010D38061EDBDC1C001E206E /* Assets.xcassets in Resources */,
				010D38041EDBDC1C001E206E /* Main.storyboard in Resources */,
			);
			runOnlyForDeploymentPostprocessing = 0;
		};
		010D380D1EDBDC1C001E206E /* Resources */ = {
			isa = PBXResourcesBuildPhase;
			buildActionMask = 2147483647;
			files = (
			);
			runOnlyForDeploymentPostprocessing = 0;
		};
/* End PBXResourcesBuildPhase section */

/* Begin PBXSourcesBuildPhase section */
		010D37F71EDBDC1C001E206E /* Sources */ = {
			isa = PBXSourcesBuildPhase;
			buildActionMask = 2147483647;
			files = (
				010D38011EDBDC1C001E206E /* ViewController.swift in Sources */,
				010D37FF1EDBDC1C001E206E /* AppDelegate.swift in Sources */,
			);
			runOnlyForDeploymentPostprocessing = 0;
		};
		010D380B1EDBDC1C001E206E /* Sources */ = {
			isa = PBXSourcesBuildPhase;
			buildActionMask = 2147483647;
			files = (
				010D38141EDBDC1C001E206E /* TDD_to_GoTests.swift in Sources */,
			);
			runOnlyForDeploymentPostprocessing = 0;
		};
/* End PBXSourcesBuildPhase section */

/* Begin PBXTargetDependency section */
		010D38111EDBDC1C001E206E /* PBXTargetDependency */ = {
			isa = PBXTargetDependency;
			target = 010D37FA1EDBDC1C001E206E /* TDD to Go */;
			targetProxy = 010D38101EDBDC1C001E206E /* PBXContainerItemProxy */;
		};
/* End PBXTargetDependency section */

/* Begin PBXVariantGroup section */
		010D38021EDBDC1C001E206E /* Main.storyboard */ = {
			isa = PBXVariantGroup;
			children = (
				010D38031EDBDC1C001E206E /* Base */,
			);
			name = Main.storyboard;
			sourceTree = "<group>";
		};
		010D38071EDBDC1C001E206E /* LaunchScreen.storyboard */ = {
			isa = PBXVariantGroup;
			children = (
				010D38081EDBDC1C001E206E /* Base */,
			);
			name = LaunchScreen.storyboard;
			sourceTree = "<group>";
		};
/* End PBXVariantGroup section */

/* Begin XCBuildConfiguration section */
		010D38161EDBDC1C001E206E /* Debug */ = {
			isa = XCBuildConfiguration;
			buildSettings = {
				ALWAYS_SEARCH_USER_PATHS = NO;
				CLANG_ANALYZER_NONNULL = YES;
				CLANG_ANALYZER_NUMBER_OBJECT_CONVERSION = YES_AGGRESSIVE;
				CLANG_CXX_LANGUAGE_STANDARD = "gnu++0x";
				CLANG_CXX_LIBRARY = "libc++";
				CLANG_ENABLE_MODULES = YES;
				CLANG_ENABLE_OBJC_ARC = YES;
				CLANG_WARN_BOOL_CONVERSION = YES;
				CLANG_WARN_CONSTANT_CONVERSION = YES;
				CLANG_WARN_DIRECT_OBJC_ISA_USAGE = YES_ERROR;
				CLANG_WARN_DOCUMENTATION_COMMENTS = YES;
				CLANG_WARN_EMPTY_BODY = YES;
				CLANG_WARN_ENUM_CONVERSION = YES;
				CLANG_WARN_INFINITE_RECURSION = YES;
				CLANG_WARN_INT_CONVERSION = YES;
				CLANG_WARN_OBJC_ROOT_CLASS = YES_ERROR;
				CLANG_WARN_SUSPICIOUS_MOVE = YES;
				CLANG_WARN_UNREACHABLE_CODE = YES;
				CLANG_WARN__DUPLICATE_METHOD_MATCH = YES;
				"CODE_SIGN_IDENTITY[sdk=iphoneos*]" = "iPhone Developer";
				COPY_PHASE_STRIP = NO;
				DEBUG_INFORMATION_FORMAT = dwarf;
				ENABLE_STRICT_OBJC_MSGSEND = YES;
				ENABLE_TESTABILITY = YES;
				GCC_C_LANGUAGE_STANDARD = gnu99;
				GCC_DYNAMIC_NO_PIC = NO;
				GCC_NO_COMMON_BLOCKS = YES;
				GCC_OPTIMIZATION_LEVEL = 0;
				GCC_PREPROCESSOR_DEFINITIONS = (
					"DEBUG=1",
					"$(inherited)",
				);
				GCC_WARN_64_TO_32_BIT_CONVERSION = YES;
				GCC_WARN_ABOUT_RETURN_TYPE = YES_ERROR;
				GCC_WARN_UNDECLARED_SELECTOR = YES;
				GCC_WARN_UNINITIALIZED_AUTOS = YES_AGGRESSIVE;
				GCC_WARN_UNUSED_FUNCTION = YES;
				GCC_WARN_UNUSED_VARIABLE = YES;
				IPHONEOS_DEPLOYMENT_TARGET = 10.3;
				MTL_ENABLE_DEBUG_INFO = YES;
				ONLY_ACTIVE_ARCH = YES;
				SDKROOT = iphoneos;
				SWIFT_ACTIVE_COMPILATION_CONDITIONS = DEBUG;
				SWIFT_OPTIMIZATION_LEVEL = "-Onone";
				TARGETED_DEVICE_FAMILY = "1,2";
			};
			name = Debug;
		};
		010D38171EDBDC1C001E206E /* Release */ = {
			isa = XCBuildConfiguration;
			buildSettings = {
				ALWAYS_SEARCH_USER_PATHS = NO;
				CLANG_ANALYZER_NONNULL = YES;
				CLANG_ANALYZER_NUMBER_OBJECT_CONVERSION = YES_AGGRESSIVE;
				CLANG_CXX_LANGUAGE_STANDARD = "gnu++0x";
				CLANG_CXX_LIBRARY = "libc++";
				CLANG_ENABLE_MODULES = YES;
				CLANG_ENABLE_OBJC_ARC = YES;
				CLANG_WARN_BOOL_CONVERSION = YES;
				CLANG_WARN_CONSTANT_CONVERSION = YES;
				CLANG_WARN_DIRECT_OBJC_ISA_USAGE = YES_ERROR;
				CLANG_WARN_DOCUMENTATION_COMMENTS = YES;
				CLANG_WARN_EMPTY_BODY = YES;
				CLANG_WARN_ENUM_CONVERSION = YES;
				CLANG_WARN_INFINITE_RECURSION = YES;
				CLANG_WARN_INT_CONVERSION = YES;
				CLANG_WARN_OBJC_ROOT_CLASS = YES_ERROR;
				CLANG_WARN_SUSPICIOUS_MOVE = YES;
				CLANG_WARN_UNREACHABLE_CODE = YES;
				CLANG_WARN__DUPLICATE_METHOD_MATCH = YES;
				"CODE_SIGN_IDENTITY[sdk=iphoneos*]" = "iPhone Developer";
				COPY_PHASE_STRIP = NO;
				DEBUG_INFORMATION_FORMAT = "dwarf-with-dsym";
				ENABLE_NS_ASSERTIONS = NO;
				ENABLE_STRICT_OBJC_MSGSEND = YES;
				GCC_C_LANGUAGE_STANDARD = gnu99;
				GCC_NO_COMMON_BLOCKS = YES;
				GCC_WARN_64_TO_32_BIT_CONVERSION = YES;
				GCC_WARN_ABOUT_RETURN_TYPE = YES_ERROR;
				GCC_WARN_UNDECLARED_SELECTOR = YES;
				GCC_WARN_UNINITIALIZED_AUTOS = YES_AGGRESSIVE;
				GCC_WARN_UNUSED_FUNCTION = YES;
				GCC_WARN_UNUSED_VARIABLE = YES;
				IPHONEOS_DEPLOYMENT_TARGET = 10.3;
				MTL_ENABLE_DEBUG_INFO = NO;
				SDKROOT = iphoneos;
				SWIFT_OPTIMIZATION_LEVEL = "-Owholemodule";
				TARGETED_DEVICE_FAMILY = "1,2";
				VALIDATE_PRODUCT = YES;
			};
			name = Release;
		};
		010D38191EDBDC1C001E206E /* Debug */ = {
			isa = XCBuildConfiguration;
			buildSettings = {
				ASSETCATALOG_COMPILER_APPICON_NAME = AppIcon;
				DEVELOPMENT_TEAM = 6572E988F5;
				INFOPLIST_FILE = "TDD to Go/Info.plist";
				LD_RUNPATH_SEARCH_PATHS = "$(inherited) @executable_path/Frameworks";
				PRODUCT_BUNDLE_IDENTIFIER = "com.luayyounus.TDD-to-Go";
				PRODUCT_NAME = "$(TARGET_NAME)";
				SWIFT_VERSION = 3.0;
			};
			name = Debug;
		};
		010D381A1EDBDC1C001E206E /* Release */ = {
			isa = XCBuildConfiguration;
			buildSettings = {
				ASSETCATALOG_COMPILER_APPICON_NAME = AppIcon;
				DEVELOPMENT_TEAM = 6572E988F5;
				INFOPLIST_FILE = "TDD to Go/Info.plist";
				LD_RUNPATH_SEARCH_PATHS = "$(inherited) @executable_path/Frameworks";
				PRODUCT_BUNDLE_IDENTIFIER = "com.luayyounus.TDD-to-Go";
				PRODUCT_NAME = "$(TARGET_NAME)";
				SWIFT_VERSION = 3.0;
			};
			name = Release;
		};
		010D381C1EDBDC1C001E206E /* Debug */ = {
			isa = XCBuildConfiguration;
			buildSettings = {
				ALWAYS_EMBED_SWIFT_STANDARD_LIBRARIES = YES;
				BUNDLE_LOADER = "$(TEST_HOST)";
				DEVELOPMENT_TEAM = 6572E988F5;
				INFOPLIST_FILE = "TDD to GoTests/Info.plist";
				LD_RUNPATH_SEARCH_PATHS = "$(inherited) @executable_path/Frameworks @loader_path/Frameworks";
				PRODUCT_BUNDLE_IDENTIFIER = "com.luayyounus.TDD-to-GoTests";
				PRODUCT_NAME = "$(TARGET_NAME)";
				SWIFT_VERSION = 3.0;
				TEST_HOST = "$(BUILT_PRODUCTS_DIR)/TDD to Go.app/TDD to Go";
			};
			name = Debug;
		};
		010D381D1EDBDC1C001E206E /* Release */ = {
			isa = XCBuildConfiguration;
			buildSettings = {
				ALWAYS_EMBED_SWIFT_STANDARD_LIBRARIES = YES;
				BUNDLE_LOADER = "$(TEST_HOST)";
				DEVELOPMENT_TEAM = 6572E988F5;
				INFOPLIST_FILE = "TDD to GoTests/Info.plist";
				LD_RUNPATH_SEARCH_PATHS = "$(inherited) @executable_path/Frameworks @loader_path/Frameworks";
				PRODUCT_BUNDLE_IDENTIFIER = "com.luayyounus.TDD-to-GoTests";
				PRODUCT_NAME = "$(TARGET_NAME)";
				SWIFT_VERSION = 3.0;
				TEST_HOST = "$(BUILT_PRODUCTS_DIR)/TDD to Go.app/TDD to Go";
			};
			name = Release;
		};
/* End XCBuildConfiguration section */

/* Begin XCConfigurationList section */
		010D37F61EDBDC1C001E206E /* Build configuration list for PBXProject "TDD to Go" */ = {
			isa = XCConfigurationList;
			buildConfigurations = (
				010D38161EDBDC1C001E206E /* Debug */,
				010D38171EDBDC1C001E206E /* Release */,
			);
			defaultConfigurationIsVisible = 0;
			defaultConfigurationName = Release;
		};
		010D38181EDBDC1C001E206E /* Build configuration list for PBXNativeTarget "TDD to Go" */ = {
			isa = XCConfigurationList;
			buildConfigurations = (
				010D38191EDBDC1C001E206E /* Debug */,
				010D381A1EDBDC1C001E206E /* Release */,
			);
			defaultConfigurationIsVisible = 0;
			defaultConfigurationName = Release;
		};
		010D381B1EDBDC1C001E206E /* Build configuration list for PBXNativeTarget "TDD to GoTests" */ = {
			isa = XCConfigurationList;
			buildConfigurations = (
				010D381C1EDBDC1C001E206E /* Debug */,
				010D381D1EDBDC1C001E206E /* Release */,
			);
			defaultConfigurationIsVisible = 0;
			defaultConfigurationName = Release;
		};
/* End XCConfigurationList section */
	};
	rootObject = 010D37F31EDBDC1C001E206E /* Project object */;
}
